
Microsoft Visual Studio Solution File, Format Version 12.00
# Visual Studio Version 17
VisualStudioVersion = 17.0.31919.166
MinimumVisualStudioVersion = 10.0.40219.1
Project("{9A19103F-16F7-4668-BE54-9A1E7A4F7556}") = "TourOperator", "src\TourOperator.csproj", "{DC29A855-DE45-4300-9F45-32BDF66F3C93}"
EndProject
Project("{2150E333-8FDC-42A3-9474-1A3956D46DE8}") = "src", "src", "{C186FF20-09A0-4CD9-A633-F46152740896}"
EndProject
Global
	GlobalSection(SolutionConfigurationPlatforms) = preSolution
		Debug|Any CPU = Debug|Any CPU
		Release|Any CPU = Release|Any CPU
	EndGlobalSection
	GlobalSection(ProjectConfigurationPlatforms) = postSolution
		{DC29A855-DE45-4300-9F45-32BDF66F3C93}.Debug|Any CPU.ActiveCfg = Debug|Any CPU
		{DC29A855-DE45-4300-9F45-32BDF66F3C93}.Debug|Any CPU.Build.0 = Debug|Any CPU
		{DC29A855-DE45-4300-9F45-32BDF66F3C93}.Release|Any CPU.ActiveCfg = Release|Any CPU
		{DC29A855-DE45-4300-9F45-32BDF66F3C93}.Release|Any CPU.Build.0 = Release|Any CPU
	EndGlobalSection
	GlobalSection(SolutionProperties) = preSolution
		HideSolutionNode = FALSE
	EndGlobalSection
	GlobalSection(NestedProjects) = preSolution
		{DC29A855-DE45-4300-9F45-32BDF66F3C93} = {C186FF20-09A0-4CD9-A633-F46152740896}
	EndGlobalSection
	GlobalSection(ExtensibilityGlobals) = postSolution
		SolutionGuid = {A8DC96E3-D8FF-489B-9C48-035421F64289}
	EndGlobalSection
EndGlobal
